
Microsoft Visual Studio Solution File, Format Version 12.00
# Visual Studio 2012
Project("{FAE04EC0-301F-11D3-BF4B-00C04F79EFBC}") = "TicTacToe", "TicTacToe\TicTacToe.csproj", "{32FA164A-2809-4338-8175-A9F89EBED01D}"
EndProject
Global
	GlobalSection(SolutionConfigurationPlatforms) = preSolution
		Debug|Any CPU = Debug|Any CPU
		Release|Any CPU = Release|Any CPU
	EndGlobalSection
	GlobalSection(ProjectConfigurationPlatforms) = postSolution
		{32FA164A-2809-4338-8175-A9F89EBED01D}.Debug|Any CPU.ActiveCfg = Debug|Any CPU
		{32FA164A-2809-4338-8175-A9F89EBED01D}.Debug|Any CPU.Build.0 = Debug|Any CPU
		{32FA164A-2809-4338-8175-A9F89EBED01D}.Release|Any CPU.ActiveCfg = Release|Any CPU
		{32FA164A-2809-4338-8175-A9F89EBED01D}.Release|Any CPU.Build.0 = Release|Any CPU
	EndGlobalSection
	GlobalSection(SolutionProperties) = preSolution
		HideSolutionNode = FALSE
	EndGlobalSection
EndGlobal
